
Microsoft Visual Studio Solution File, Format Version 12.00
# Visual Studio Version 16
VisualStudioVersion = 16.0.30907.101
MinimumVisualStudioVersion = 10.0.40219.1
Project("{9A19103F-16F7-4668-BE54-9A1E7A4F7556}") = "FunctionalCSharp", "FunctionalCSharp\FunctionalCSharp.csproj", "{1BF2738F-AA70-43A6-BBD8-02735CE8C6E4}"
EndProject
Project("{F2A71F9B-5D33-465A-A702-920D77279786}") = "FuncationFSharp", "FuncationFSharp\FuncationFSharp.fsproj", "{A1EE4A0E-446C-48E1-857B-CBC3EC5406F5}"
EndProject
Global
	GlobalSection(SolutionConfigurationPlatforms) = preSolution
		Debug|Any CPU = Debug|Any CPU
		Release|Any CPU = Release|Any CPU
	EndGlobalSection
	GlobalSection(ProjectConfigurationPlatforms) = postSolution
		{1BF2738F-AA70-43A6-BBD8-02735CE8C6E4}.Debug|Any CPU.ActiveCfg = Debug|Any CPU
		{1BF2738F-AA70-43A6-BBD8-02735CE8C6E4}.Debug|Any CPU.Build.0 = Debug|Any CPU
		{1BF2738F-AA70-43A6-BBD8-02735CE8C6E4}.Release|Any CPU.ActiveCfg = Release|Any CPU
		{1BF2738F-AA70-43A6-BBD8-02735CE8C6E4}.Release|Any CPU.Build.0 = Release|Any CPU
		{A1EE4A0E-446C-48E1-857B-CBC3EC5406F5}.Debug|Any CPU.ActiveCfg = Debug|Any CPU
		{A1EE4A0E-446C-48E1-857B-CBC3EC5406F5}.Debug|Any CPU.Build.0 = Debug|Any CPU
		{A1EE4A0E-446C-48E1-857B-CBC3EC5406F5}.Release|Any CPU.ActiveCfg = Release|Any CPU
		{A1EE4A0E-446C-48E1-857B-CBC3EC5406F5}.Release|Any CPU.Build.0 = Release|Any CPU
	EndGlobalSection
	GlobalSection(SolutionProperties) = preSolution
		HideSolutionNode = FALSE
	EndGlobalSection
	GlobalSection(ExtensibilityGlobals) = postSolution
		SolutionGuid = {874B824C-0031-4604-9440-A490B748DC92}
	EndGlobalSection
EndGlobal
